
Microsoft Visual Studio Solution File, Format Version 12.00
# Visual Studio Version 17
VisualStudioVersion = 17.12.35527.113 d17.12
MinimumVisualStudioVersion = 10.0.40219.1
Project("{FAE04EC0-301F-11D3-BF4B-00C04F79EFBC}") = "WebApi", "WebApi\WebApi.csproj", "{17B75D18-BFD4-4B22-9CFA-AA960B0F85B4}"
EndProject
Project("{FAE04EC0-301F-11D3-BF4B-00C04F79EFBC}") = "Persistence", "Persistence\Persistence.csproj", "{7FEF71AB-7923-4307-B3C7-607E14ECE11C}"
EndProject
Project("{FAE04EC0-301F-11D3-BF4B-00C04F79EFBC}") = "Domain", "Domain\Domain.csproj", "{CFB4E9B4-F3EF-4A81-A3AC-4C88B01E635A}"
EndProject
Project("{FAE04EC0-301F-11D3-BF4B-00C04F79EFBC}") = "Application", "Application\Application.csproj", "{0B4DEE9D-4014-44E1-BFEA-3579198DC0D0}"
EndProject
Project("{FAE04EC0-301F-11D3-BF4B-00C04F79EFBC}") = "Infrastructure", "Infrastructure\Infrastructure.csproj", "{39A52C45-6128-4E84-99A1-4A755A87F531}"
EndProject
Global
	GlobalSection(SolutionConfigurationPlatforms) = preSolution
		Debug|Any CPU = Debug|Any CPU
		Release|Any CPU = Release|Any CPU
	EndGlobalSection
	GlobalSection(ProjectConfigurationPlatforms) = postSolution
		{17B75D18-BFD4-4B22-9CFA-AA960B0F85B4}.Debug|Any CPU.ActiveCfg = Debug|Any CPU
		{17B75D18-BFD4-4B22-9CFA-AA960B0F85B4}.Debug|Any CPU.Build.0 = Debug|Any CPU
		{17B75D18-BFD4-4B22-9CFA-AA960B0F85B4}.Release|Any CPU.ActiveCfg = Release|Any CPU
		{17B75D18-BFD4-4B22-9CFA-AA960B0F85B4}.Release|Any CPU.Build.0 = Release|Any CPU
		{7FEF71AB-7923-4307-B3C7-607E14ECE11C}.Debug|Any CPU.ActiveCfg = Debug|Any CPU
		{7FEF71AB-7923-4307-B3C7-607E14ECE11C}.Debug|Any CPU.Build.0 = Debug|Any CPU
		{7FEF71AB-7923-4307-B3C7-607E14ECE11C}.Release|Any CPU.ActiveCfg = Release|Any CPU
		{7FEF71AB-7923-4307-B3C7-607E14ECE11C}.Release|Any CPU.Build.0 = Release|Any CPU
		{CFB4E9B4-F3EF-4A81-A3AC-4C88B01E635A}.Debug|Any CPU.ActiveCfg = Debug|Any CPU
		{CFB4E9B4-F3EF-4A81-A3AC-4C88B01E635A}.Debug|Any CPU.Build.0 = Debug|Any CPU
		{CFB4E9B4-F3EF-4A81-A3AC-4C88B01E635A}.Release|Any CPU.ActiveCfg = Release|Any CPU
		{CFB4E9B4-F3EF-4A81-A3AC-4C88B01E635A}.Release|Any CPU.Build.0 = Release|Any CPU
		{0B4DEE9D-4014-44E1-BFEA-3579198DC0D0}.Debug|Any CPU.ActiveCfg = Debug|Any CPU
		{0B4DEE9D-4014-44E1-BFEA-3579198DC0D0}.Debug|Any CPU.Build.0 = Debug|Any CPU
		{0B4DEE9D-4014-44E1-BFEA-3579198DC0D0}.Release|Any CPU.ActiveCfg = Release|Any CPU
		{0B4DEE9D-4014-44E1-BFEA-3579198DC0D0}.Release|Any CPU.Build.0 = Release|Any CPU
		{39A52C45-6128-4E84-99A1-4A755A87F531}.Debug|Any CPU.ActiveCfg = Debug|Any CPU
		{39A52C45-6128-4E84-99A1-4A755A87F531}.Debug|Any CPU.Build.0 = Debug|Any CPU
		{39A52C45-6128-4E84-99A1-4A755A87F531}.Release|Any CPU.ActiveCfg = Release|Any CPU
		{39A52C45-6128-4E84-99A1-4A755A87F531}.Release|Any CPU.Build.0 = Release|Any CPU
	EndGlobalSection
	GlobalSection(SolutionProperties) = preSolution
		HideSolutionNode = FALSE
	EndGlobalSection
EndGlobal
